
Microsoft Visual Studio Solution File, Format Version 12.00
# Visual Studio Version 16
VisualStudioVersion = 16.0.31515.178
MinimumVisualStudioVersion = 10.0.40219.1
Project("{2150E333-8FDC-42A3-9474-1A3956D46DE8}") = "domain", "domain", "{7C554944-E17D-43BB-9937-0758A1C31014}"
EndProject
Project("{2150E333-8FDC-42A3-9474-1A3956D46DE8}") = "infrustructure", "infrustructure", "{7540100C-9303-4E4E-81AE-F9AC1539FD55}"
EndProject
Project("{2150E333-8FDC-42A3-9474-1A3956D46DE8}") = "webUi", "webUi", "{44C1D20B-5981-4F4D-A504-4B26DCD1097E}"
EndProject
Project("{FAE04EC0-301F-11D3-BF4B-00C04F79EFBC}") = "Memory", "infrustructure\Memory\Memory.csproj", "{31D49A21-AEE6-4D05-92FF-A851EC0E6653}"
EndProject
Project("{FAE04EC0-301F-11D3-BF4B-00C04F79EFBC}") = "ProdStore", "domain\ProdStore\ProdStore.csproj", "{B9FC8BF8-1805-402C-AD78-ABDFF294C8CE}"
EndProject
Project("{FAE04EC0-301F-11D3-BF4B-00C04F79EFBC}") = "Tests", "domain\Tests\Tests.csproj", "{217CE0A7-9EC2-47ED-B906-7A41E760A9B6}"
EndProject
Project("{FAE04EC0-301F-11D3-BF4B-00C04F79EFBC}") = "Web", "webUi\Web\Web.csproj", "{26791E2B-C7EF-4E0A-BC56-5E24B3566E49}"
EndProject
Global
	GlobalSection(SolutionConfigurationPlatforms) = preSolution
		Debug|Any CPU = Debug|Any CPU
		Release|Any CPU = Release|Any CPU
	EndGlobalSection
	GlobalSection(ProjectConfigurationPlatforms) = postSolution
		{31D49A21-AEE6-4D05-92FF-A851EC0E6653}.Debug|Any CPU.ActiveCfg = Debug|Any CPU
		{31D49A21-AEE6-4D05-92FF-A851EC0E6653}.Debug|Any CPU.Build.0 = Debug|Any CPU
		{31D49A21-AEE6-4D05-92FF-A851EC0E6653}.Release|Any CPU.ActiveCfg = Release|Any CPU
		{31D49A21-AEE6-4D05-92FF-A851EC0E6653}.Release|Any CPU.Build.0 = Release|Any CPU
		{B9FC8BF8-1805-402C-AD78-ABDFF294C8CE}.Debug|Any CPU.ActiveCfg = Debug|Any CPU
		{B9FC8BF8-1805-402C-AD78-ABDFF294C8CE}.Debug|Any CPU.Build.0 = Debug|Any CPU
		{B9FC8BF8-1805-402C-AD78-ABDFF294C8CE}.Release|Any CPU.ActiveCfg = Release|Any CPU
		{B9FC8BF8-1805-402C-AD78-ABDFF294C8CE}.Release|Any CPU.Build.0 = Release|Any CPU
		{217CE0A7-9EC2-47ED-B906-7A41E760A9B6}.Debug|Any CPU.ActiveCfg = Debug|Any CPU
		{217CE0A7-9EC2-47ED-B906-7A41E760A9B6}.Debug|Any CPU.Build.0 = Debug|Any CPU
		{217CE0A7-9EC2-47ED-B906-7A41E760A9B6}.Release|Any CPU.ActiveCfg = Release|Any CPU
		{217CE0A7-9EC2-47ED-B906-7A41E760A9B6}.Release|Any CPU.Build.0 = Release|Any CPU
		{26791E2B-C7EF-4E0A-BC56-5E24B3566E49}.Debug|Any CPU.ActiveCfg = Debug|Any CPU
		{26791E2B-C7EF-4E0A-BC56-5E24B3566E49}.Debug|Any CPU.Build.0 = Debug|Any CPU
		{26791E2B-C7EF-4E0A-BC56-5E24B3566E49}.Release|Any CPU.ActiveCfg = Release|Any CPU
		{26791E2B-C7EF-4E0A-BC56-5E24B3566E49}.Release|Any CPU.Build.0 = Release|Any CPU
	EndGlobalSection
	GlobalSection(SolutionProperties) = preSolution
		HideSolutionNode = FALSE
	EndGlobalSection
	GlobalSection(NestedProjects) = preSolution
		{31D49A21-AEE6-4D05-92FF-A851EC0E6653} = {7540100C-9303-4E4E-81AE-F9AC1539FD55}
		{B9FC8BF8-1805-402C-AD78-ABDFF294C8CE} = {7C554944-E17D-43BB-9937-0758A1C31014}
		{217CE0A7-9EC2-47ED-B906-7A41E760A9B6} = {7C554944-E17D-43BB-9937-0758A1C31014}
		{26791E2B-C7EF-4E0A-BC56-5E24B3566E49} = {44C1D20B-5981-4F4D-A504-4B26DCD1097E}
	EndGlobalSection
	GlobalSection(ExtensibilityGlobals) = postSolution
		SolutionGuid = {65B55486-DBBB-44A0-BBDE-7145F8C2DD50}
	EndGlobalSection
EndGlobal
